// !$*UTF8*$!
{
	archiveVersion = 1;
	classes = {
	};
	objectVersion = 56;
	objects = {

/* Begin PBXBuildFile section */
		9A310C132BE4CE42006A3F4D /* AppDelegate.swift in Sources */ = {isa = PBXBuildFile; fileRef = 9A310C122BE4CE42006A3F4D /* AppDelegate.swift */; };
		9A310C152BE4CE42006A3F4D /* SceneDelegate.swift in Sources */ = {isa = PBXBuildFile; fileRef = 9A310C142BE4CE42006A3F4D /* SceneDelegate.swift */; };
		9A310C172BE4CE42006A3F4D /* TabBarController.swift in Sources */ = {isa = PBXBuildFile; fileRef = 9A310C162BE4CE42006A3F4D /* TabBarController.swift */; };
		9A310C1C2BE4CE43006A3F4D /* Assets.xcassets in Resources */ = {isa = PBXBuildFile; fileRef = 9A310C1B2BE4CE43006A3F4D /* Assets.xcassets */; };
		9A310C1F2BE4CE43006A3F4D /* LaunchScreen.storyboard in Resources */ = {isa = PBXBuildFile; fileRef = 9A310C1D2BE4CE43006A3F4D /* LaunchScreen.storyboard */; };
		9A310C272BE4EDA7006A3F4D /* StatisticsViewController.swift in Sources */ = {isa = PBXBuildFile; fileRef = 9A310C262BE4EDA7006A3F4D /* StatisticsViewController.swift */; };
		9A310C292BE4EDD3006A3F4D /* TrackersViewController.swift in Sources */ = {isa = PBXBuildFile; fileRef = 9A310C282BE4EDD3006A3F4D /* TrackersViewController.swift */; };
		9A4EF4662C04D01F006E2F2C /* NewCategoryController.swift in Sources */ = {isa = PBXBuildFile; fileRef = 9A4EF4652C04D01F006E2F2C /* NewCategoryController.swift */; };
		9A4EF4682C05456C006E2F2C /* CategoryTableViewCell.swift in Sources */ = {isa = PBXBuildFile; fileRef = 9A4EF4672C05456C006E2F2C /* CategoryTableViewCell.swift */; };
		9A60698E2BF7C1AF000E65F9 /* EmojiViewCell.swift in Sources */ = {isa = PBXBuildFile; fileRef = 9A60698D2BF7C1AF000E65F9 /* EmojiViewCell.swift */; };
		9A623ED12BFE4A7F00C48A8A /* TrackerCollectionViewCell.swift in Sources */ = {isa = PBXBuildFile; fileRef = 9A623ED02BFE4A7F00C48A8A /* TrackerCollectionViewCell.swift */; };
		9A82F5272C03BE77003FAE59 /* DarkButton.swift in Sources */ = {isa = PBXBuildFile; fileRef = 9A82F5262C03BE77003FAE59 /* DarkButton.swift */; };
		9AB2378F2BEFE08A00C71591 /* Tracker.swift in Sources */ = {isa = PBXBuildFile; fileRef = 9AB2378E2BEFE08A00C71591 /* Tracker.swift */; };
		9AB237912BEFE09900C71591 /* TrackerCategory.swift in Sources */ = {isa = PBXBuildFile; fileRef = 9AB237902BEFE09900C71591 /* TrackerCategory.swift */; };
		9AB237932BEFE0A500C71591 /* TrackerRecord.swift in Sources */ = {isa = PBXBuildFile; fileRef = 9AB237922BEFE0A500C71591 /* TrackerRecord.swift */; };
		9ACB02182C0E13E300E9F6DC /* DataManager.swift in Sources */ = {isa = PBXBuildFile; fileRef = 9ACB02172C0E13E300E9F6DC /* DataManager.swift */; };
		9AD4A6E62BF73DC300BBEF25 /* TrackerPropertiesCell.swift in Sources */ = {isa = PBXBuildFile; fileRef = 9AD4A6E52BF73DC300BBEF25 /* TrackerPropertiesCell.swift */; };
		9AD7D1072C00CA91007AE680 /* TrackerHeaderCollectionView.swift in Sources */ = {isa = PBXBuildFile; fileRef = 9AD7D1062C00CA91007AE680 /* TrackerHeaderCollectionView.swift */; };
		9AE9D8642BF9E54500BD0D3F /* EventsItemController.swift in Sources */ = {isa = PBXBuildFile; fileRef = 9AE9D8632BF9E54500BD0D3F /* EventsItemController.swift */; };
		9AE9D8662BFA0C6500BD0D3F /* ScheduleController.swift in Sources */ = {isa = PBXBuildFile; fileRef = 9AE9D8652BFA0C6500BD0D3F /* ScheduleController.swift */; };
		9AE9D8682BFA0C7900BD0D3F /* CategoriesController.swift in Sources */ = {isa = PBXBuildFile; fileRef = 9AE9D8672BFA0C7900BD0D3F /* CategoriesController.swift */; };
		9AE9D86A2BFA246400BD0D3F /* ScheduleTableViewCell.swift in Sources */ = {isa = PBXBuildFile; fileRef = 9AE9D8692BFA246400BD0D3F /* ScheduleTableViewCell.swift */; };
		9AF449E72BF6157F0049FD2E /* NewTrackerController.swift in Sources */ = {isa = PBXBuildFile; fileRef = 9AF449E62BF6157F0049FD2E /* NewTrackerController.swift */; };
		9AF449E92BF648F70049FD2E /* EventsController.swift in Sources */ = {isa = PBXBuildFile; fileRef = 9AF449E82BF648F70049FD2E /* EventsController.swift */; };
		9AF449EB2BF655200049FD2E /* TextField.swift in Sources */ = {isa = PBXBuildFile; fileRef = 9AF449EA2BF655200049FD2E /* TextField.swift */; };
/* End PBXBuildFile section */

/* Begin PBXFileReference section */
		9A310C0F2BE4CE42006A3F4D /* Tracker.app */ = {isa = PBXFileReference; explicitFileType = wrapper.application; includeInIndex = 0; path = Tracker.app; sourceTree = BUILT_PRODUCTS_DIR; };
		9A310C122BE4CE42006A3F4D /* AppDelegate.swift */ = {isa = PBXFileReference; lastKnownFileType = sourcecode.swift; path = AppDelegate.swift; sourceTree = "<group>"; };
		9A310C142BE4CE42006A3F4D /* SceneDelegate.swift */ = {isa = PBXFileReference; lastKnownFileType = sourcecode.swift; path = SceneDelegate.swift; sourceTree = "<group>"; };
		9A310C162BE4CE42006A3F4D /* TabBarController.swift */ = {isa = PBXFileReference; lastKnownFileType = sourcecode.swift; path = TabBarController.swift; sourceTree = "<group>"; };
		9A310C1B2BE4CE43006A3F4D /* Assets.xcassets */ = {isa = PBXFileReference; lastKnownFileType = folder.assetcatalog; path = Assets.xcassets; sourceTree = "<group>"; };
		9A310C1E2BE4CE43006A3F4D /* Base */ = {isa = PBXFileReference; lastKnownFileType = file.storyboard; name = Base; path = Base.lproj/LaunchScreen.storyboard; sourceTree = "<group>"; };
		9A310C202BE4CE43006A3F4D /* Info.plist */ = {isa = PBXFileReference; lastKnownFileType = text.plist.xml; path = Info.plist; sourceTree = "<group>"; };
		9A310C262BE4EDA7006A3F4D /* StatisticsViewController.swift */ = {isa = PBXFileReference; lastKnownFileType = sourcecode.swift; path = StatisticsViewController.swift; sourceTree = "<group>"; };
		9A310C282BE4EDD3006A3F4D /* TrackersViewController.swift */ = {isa = PBXFileReference; lastKnownFileType = sourcecode.swift; path = TrackersViewController.swift; sourceTree = "<group>"; };
		9A4EF4652C04D01F006E2F2C /* NewCategoryController.swift */ = {isa = PBXFileReference; lastKnownFileType = sourcecode.swift; path = NewCategoryController.swift; sourceTree = "<group>"; };
		9A4EF4672C05456C006E2F2C /* CategoryTableViewCell.swift */ = {isa = PBXFileReference; lastKnownFileType = sourcecode.swift; path = CategoryTableViewCell.swift; sourceTree = "<group>"; };
		9A60698D2BF7C1AF000E65F9 /* EmojiViewCell.swift */ = {isa = PBXFileReference; lastKnownFileType = sourcecode.swift; path = EmojiViewCell.swift; sourceTree = "<group>"; };
		9A623ED02BFE4A7F00C48A8A /* TrackerCollectionViewCell.swift */ = {isa = PBXFileReference; lastKnownFileType = sourcecode.swift; path = TrackerCollectionViewCell.swift; sourceTree = "<group>"; };
		9A82F5262C03BE77003FAE59 /* DarkButton.swift */ = {isa = PBXFileReference; lastKnownFileType = sourcecode.swift; path = DarkButton.swift; sourceTree = "<group>"; };
		9AB2378E2BEFE08A00C71591 /* Tracker.swift */ = {isa = PBXFileReference; lastKnownFileType = sourcecode.swift; path = Tracker.swift; sourceTree = "<group>"; };
		9AB237902BEFE09900C71591 /* TrackerCategory.swift */ = {isa = PBXFileReference; lastKnownFileType = sourcecode.swift; path = TrackerCategory.swift; sourceTree = "<group>"; };
		9AB237922BEFE0A500C71591 /* TrackerRecord.swift */ = {isa = PBXFileReference; lastKnownFileType = sourcecode.swift; path = TrackerRecord.swift; sourceTree = "<group>"; };
		9ACB02172C0E13E300E9F6DC /* DataManager.swift */ = {isa = PBXFileReference; lastKnownFileType = sourcecode.swift; path = DataManager.swift; sourceTree = "<group>"; };
		9AD4A6E52BF73DC300BBEF25 /* TrackerPropertiesCell.swift */ = {isa = PBXFileReference; lastKnownFileType = sourcecode.swift; path = TrackerPropertiesCell.swift; sourceTree = "<group>"; };
		9AD7D1062C00CA91007AE680 /* TrackerHeaderCollectionView.swift */ = {isa = PBXFileReference; lastKnownFileType = sourcecode.swift; path = TrackerHeaderCollectionView.swift; sourceTree = "<group>"; };
		9AE9D8632BF9E54500BD0D3F /* EventsItemController.swift */ = {isa = PBXFileReference; lastKnownFileType = sourcecode.swift; path = EventsItemController.swift; sourceTree = "<group>"; };
		9AE9D8652BFA0C6500BD0D3F /* ScheduleController.swift */ = {isa = PBXFileReference; lastKnownFileType = sourcecode.swift; path = ScheduleController.swift; sourceTree = "<group>"; };
		9AE9D8672BFA0C7900BD0D3F /* CategoriesController.swift */ = {isa = PBXFileReference; lastKnownFileType = sourcecode.swift; path = CategoriesController.swift; sourceTree = "<group>"; };
		9AE9D8692BFA246400BD0D3F /* ScheduleTableViewCell.swift */ = {isa = PBXFileReference; lastKnownFileType = sourcecode.swift; path = ScheduleTableViewCell.swift; sourceTree = "<group>"; };
		9AF449E62BF6157F0049FD2E /* NewTrackerController.swift */ = {isa = PBXFileReference; lastKnownFileType = sourcecode.swift; path = NewTrackerController.swift; sourceTree = "<group>"; };
		9AF449E82BF648F70049FD2E /* EventsController.swift */ = {isa = PBXFileReference; lastKnownFileType = sourcecode.swift; path = EventsController.swift; sourceTree = "<group>"; };
		9AF449EA2BF655200049FD2E /* TextField.swift */ = {isa = PBXFileReference; lastKnownFileType = sourcecode.swift; path = TextField.swift; sourceTree = "<group>"; };
/* End PBXFileReference section */

/* Begin PBXFrameworksBuildPhase section */
		9A310C0C2BE4CE42006A3F4D /* Frameworks */ = {
			isa = PBXFrameworksBuildPhase;
			buildActionMask = 2147483647;
			files = (
			);
			runOnlyForDeploymentPostprocessing = 0;
		};
/* End PBXFrameworksBuildPhase section */

/* Begin PBXGroup section */
		9A310C062BE4CE42006A3F4D = {
			isa = PBXGroup;
			children = (
				9A310C112BE4CE42006A3F4D /* Tracker */,
				9A310C102BE4CE42006A3F4D /* Products */,
			);
			sourceTree = "<group>";
		};
		9A310C102BE4CE42006A3F4D /* Products */ = {
			isa = PBXGroup;
			children = (
				9A310C0F2BE4CE42006A3F4D /* Tracker.app */,
			);
			name = Products;
			sourceTree = "<group>";
		};
		9A310C112BE4CE42006A3F4D /* Tracker */ = {
			isa = PBXGroup;
			children = (
				9AF449E52BF615100049FD2E /* Models */,
				9A310C122BE4CE42006A3F4D /* AppDelegate.swift */,
				9A310C142BE4CE42006A3F4D /* SceneDelegate.swift */,
				9A310C162BE4CE42006A3F4D /* TabBarController.swift */,
				9A310C282BE4EDD3006A3F4D /* TrackersViewController.swift */,
				9A623ED02BFE4A7F00C48A8A /* TrackerCollectionViewCell.swift */,
				9AD4A6E52BF73DC300BBEF25 /* TrackerPropertiesCell.swift */,
				9AF449E62BF6157F0049FD2E /* NewTrackerController.swift */,
				9A310C262BE4EDA7006A3F4D /* StatisticsViewController.swift */,
				9A310C1B2BE4CE43006A3F4D /* Assets.xcassets */,
				9A310C1D2BE4CE43006A3F4D /* LaunchScreen.storyboard */,
				9A310C202BE4CE43006A3F4D /* Info.plist */,
				9AF449E82BF648F70049FD2E /* EventsController.swift */,
				9AF449EA2BF655200049FD2E /* TextField.swift */,
				9A60698D2BF7C1AF000E65F9 /* EmojiViewCell.swift */,
				9AE9D8632BF9E54500BD0D3F /* EventsItemController.swift */,
				9AE9D8652BFA0C6500BD0D3F /* ScheduleController.swift */,
				9AE9D8672BFA0C7900BD0D3F /* CategoriesController.swift */,
				9AE9D8692BFA246400BD0D3F /* ScheduleTableViewCell.swift */,
				9AD7D1062C00CA91007AE680 /* TrackerHeaderCollectionView.swift */,
				9A82F5262C03BE77003FAE59 /* DarkButton.swift */,
				9A4EF4652C04D01F006E2F2C /* NewCategoryController.swift */,
				9A4EF4672C05456C006E2F2C /* CategoryTableViewCell.swift */,
				9ACB02172C0E13E300E9F6DC /* DataManager.swift */,
			);
			path = Tracker;
			sourceTree = "<group>";
		};
		9AF449E52BF615100049FD2E /* Models */ = {
			isa = PBXGroup;
			children = (
				9AB2378E2BEFE08A00C71591 /* Tracker.swift */,
				9AB237902BEFE09900C71591 /* TrackerCategory.swift */,
				9AB237922BEFE0A500C71591 /* TrackerRecord.swift */,
			);
			path = Models;
			sourceTree = "<group>";
		};
/* End PBXGroup section */

/* Begin PBXNativeTarget section */
		9A310C0E2BE4CE42006A3F4D /* Tracker */ = {
			isa = PBXNativeTarget;
			buildConfigurationList = 9A310C232BE4CE43006A3F4D /* Build configuration list for PBXNativeTarget "Tracker" */;
			buildPhases = (
				9A310C0B2BE4CE42006A3F4D /* Sources */,
				9A310C0C2BE4CE42006A3F4D /* Frameworks */,
				9A310C0D2BE4CE42006A3F4D /* Resources */,
			);
			buildRules = (
			);
			dependencies = (
			);
			name = Tracker;
			productName = Tracker;
			productReference = 9A310C0F2BE4CE42006A3F4D /* Tracker.app */;
			productType = "com.apple.product-type.application";
		};
/* End PBXNativeTarget section */

/* Begin PBXProject section */
		9A310C072BE4CE42006A3F4D /* Project object */ = {
			isa = PBXProject;
			attributes = {
				BuildIndependentTargetsInParallel = 1;
				LastSwiftUpdateCheck = 1500;
				LastUpgradeCheck = 1500;
				TargetAttributes = {
					9A310C0E2BE4CE42006A3F4D = {
						CreatedOnToolsVersion = 15.0.1;
					};
				};
			};
			buildConfigurationList = 9A310C0A2BE4CE42006A3F4D /* Build configuration list for PBXProject "Tracker" */;
			compatibilityVersion = "Xcode 14.0";
			developmentRegion = en;
			hasScannedForEncodings = 0;
			knownRegions = (
				en,
				Base,
			);
			mainGroup = 9A310C062BE4CE42006A3F4D;
			productRefGroup = 9A310C102BE4CE42006A3F4D /* Products */;
			projectDirPath = "";
			projectRoot = "";
			targets = (
				9A310C0E2BE4CE42006A3F4D /* Tracker */,
			);
		};
/* End PBXProject section */

/* Begin PBXResourcesBuildPhase section */
		9A310C0D2BE4CE42006A3F4D /* Resources */ = {
			isa = PBXResourcesBuildPhase;
			buildActionMask = 2147483647;
			files = (
				9A310C1F2BE4CE43006A3F4D /* LaunchScreen.storyboard in Resources */,
				9A310C1C2BE4CE43006A3F4D /* Assets.xcassets in Resources */,
			);
			runOnlyForDeploymentPostprocessing = 0;
		};
/* End PBXResourcesBuildPhase section */

/* Begin PBXSourcesBuildPhase section */
		9A310C0B2BE4CE42006A3F4D /* Sources */ = {
			isa = PBXSourcesBuildPhase;
			buildActionMask = 2147483647;
			files = (
				9AB2378F2BEFE08A00C71591 /* Tracker.swift in Sources */,
				9AF449EB2BF655200049FD2E /* TextField.swift in Sources */,
				9AB237932BEFE0A500C71591 /* TrackerRecord.swift in Sources */,
				9AD4A6E62BF73DC300BBEF25 /* TrackerPropertiesCell.swift in Sources */,
				9A4EF4682C05456C006E2F2C /* CategoryTableViewCell.swift in Sources */,
				9A310C172BE4CE42006A3F4D /* TabBarController.swift in Sources */,
				9AE9D8642BF9E54500BD0D3F /* EventsItemController.swift in Sources */,
				9A310C132BE4CE42006A3F4D /* AppDelegate.swift in Sources */,
				9A310C292BE4EDD3006A3F4D /* TrackersViewController.swift in Sources */,
				9ACB02182C0E13E300E9F6DC /* DataManager.swift in Sources */,
				9A4EF4662C04D01F006E2F2C /* NewCategoryController.swift in Sources */,
				9A310C152BE4CE42006A3F4D /* SceneDelegate.swift in Sources */,
				9A60698E2BF7C1AF000E65F9 /* EmojiViewCell.swift in Sources */,
				9AE9D8662BFA0C6500BD0D3F /* ScheduleController.swift in Sources */,
				9AD7D1072C00CA91007AE680 /* TrackerHeaderCollectionView.swift in Sources */,
				9AE9D86A2BFA246400BD0D3F /* ScheduleTableViewCell.swift in Sources */,
				9A310C272BE4EDA7006A3F4D /* StatisticsViewController.swift in Sources */,
				9A623ED12BFE4A7F00C48A8A /* TrackerCollectionViewCell.swift in Sources */,
				9A82F5272C03BE77003FAE59 /* DarkButton.swift in Sources */,
				9AF449E92BF648F70049FD2E /* EventsController.swift in Sources */,
				9AB237912BEFE09900C71591 /* TrackerCategory.swift in Sources */,
				9AF449E72BF6157F0049FD2E /* NewTrackerController.swift in Sources */,
				9AE9D8682BFA0C7900BD0D3F /* CategoriesController.swift in Sources */,
			);
			runOnlyForDeploymentPostprocessing = 0;
		};
/* End PBXSourcesBuildPhase section */

/* Begin PBXVariantGroup section */
		9A310C1D2BE4CE43006A3F4D /* LaunchScreen.storyboard */ = {
			isa = PBXVariantGroup;
			children = (
				9A310C1E2BE4CE43006A3F4D /* Base */,
			);
			name = LaunchScreen.storyboard;
			sourceTree = "<group>";
		};
/* End PBXVariantGroup section */

/* Begin XCBuildConfiguration section */
		9A310C212BE4CE43006A3F4D /* Debug */ = {
			isa = XCBuildConfiguration;
			buildSettings = {
				ALWAYS_SEARCH_USER_PATHS = NO;
				ASSETCATALOG_COMPILER_GENERATE_SWIFT_ASSET_SYMBOL_EXTENSIONS = YES;
				CLANG_ANALYZER_NONNULL = YES;
				CLANG_ANALYZER_NUMBER_OBJECT_CONVERSION = YES_AGGRESSIVE;
				CLANG_CXX_LANGUAGE_STANDARD = "gnu++20";
				CLANG_ENABLE_MODULES = YES;
				CLANG_ENABLE_OBJC_ARC = YES;
				CLANG_ENABLE_OBJC_WEAK = YES;
				CLANG_WARN_BLOCK_CAPTURE_AUTORELEASING = YES;
				CLANG_WARN_BOOL_CONVERSION = YES;
				CLANG_WARN_COMMA = YES;
				CLANG_WARN_CONSTANT_CONVERSION = YES;
				CLANG_WARN_DEPRECATED_OBJC_IMPLEMENTATIONS = YES;
				CLANG_WARN_DIRECT_OBJC_ISA_USAGE = YES_ERROR;
				CLANG_WARN_DOCUMENTATION_COMMENTS = YES;
				CLANG_WARN_EMPTY_BODY = YES;
				CLANG_WARN_ENUM_CONVERSION = YES;
				CLANG_WARN_INFINITE_RECURSION = YES;
				CLANG_WARN_INT_CONVERSION = YES;
				CLANG_WARN_NON_LITERAL_NULL_CONVERSION = YES;
				CLANG_WARN_OBJC_IMPLICIT_RETAIN_SELF = YES;
				CLANG_WARN_OBJC_LITERAL_CONVERSION = YES;
				CLANG_WARN_OBJC_ROOT_CLASS = YES_ERROR;
				CLANG_WARN_QUOTED_INCLUDE_IN_FRAMEWORK_HEADER = YES;
				CLANG_WARN_RANGE_LOOP_ANALYSIS = YES;
				CLANG_WARN_STRICT_PROTOTYPES = YES;
				CLANG_WARN_SUSPICIOUS_MOVE = YES;
				CLANG_WARN_UNGUARDED_AVAILABILITY = YES_AGGRESSIVE;
				CLANG_WARN_UNREACHABLE_CODE = YES;
				CLANG_WARN__DUPLICATE_METHOD_MATCH = YES;
				COPY_PHASE_STRIP = NO;
				DEBUG_INFORMATION_FORMAT = dwarf;
				ENABLE_STRICT_OBJC_MSGSEND = YES;
				ENABLE_TESTABILITY = YES;
				ENABLE_USER_SCRIPT_SANDBOXING = YES;
				GCC_C_LANGUAGE_STANDARD = gnu17;
				GCC_DYNAMIC_NO_PIC = NO;
				GCC_NO_COMMON_BLOCKS = YES;
				GCC_OPTIMIZATION_LEVEL = 0;
				GCC_PREPROCESSOR_DEFINITIONS = (
					"DEBUG=1",
					"$(inherited)",
				);
				GCC_WARN_64_TO_32_BIT_CONVERSION = YES;
				GCC_WARN_ABOUT_RETURN_TYPE = YES_ERROR;
				GCC_WARN_UNDECLARED_SELECTOR = YES;
				GCC_WARN_UNINITIALIZED_AUTOS = YES_AGGRESSIVE;
				GCC_WARN_UNUSED_FUNCTION = YES;
				GCC_WARN_UNUSED_VARIABLE = YES;
				IPHONEOS_DEPLOYMENT_TARGET = 13.4;
				LOCALIZATION_PREFERS_STRING_CATALOGS = YES;
				MTL_ENABLE_DEBUG_INFO = INCLUDE_SOURCE;
				MTL_FAST_MATH = YES;
				ONLY_ACTIVE_ARCH = YES;
				SDKROOT = iphoneos;
				SWIFT_ACTIVE_COMPILATION_CONDITIONS = "DEBUG $(inherited)";
				SWIFT_OPTIMIZATION_LEVEL = "-Onone";
			};
			name = Debug;
		};
		9A310C222BE4CE43006A3F4D /* Release */ = {
			isa = XCBuildConfiguration;
			buildSettings = {
				ALWAYS_SEARCH_USER_PATHS = NO;
				ASSETCATALOG_COMPILER_GENERATE_SWIFT_ASSET_SYMBOL_EXTENSIONS = YES;
				CLANG_ANALYZER_NONNULL = YES;
				CLANG_ANALYZER_NUMBER_OBJECT_CONVERSION = YES_AGGRESSIVE;
				CLANG_CXX_LANGUAGE_STANDARD = "gnu++20";
				CLANG_ENABLE_MODULES = YES;
				CLANG_ENABLE_OBJC_ARC = YES;
				CLANG_ENABLE_OBJC_WEAK = YES;
				CLANG_WARN_BLOCK_CAPTURE_AUTORELEASING = YES;
				CLANG_WARN_BOOL_CONVERSION = YES;
				CLANG_WARN_COMMA = YES;
				CLANG_WARN_CONSTANT_CONVERSION = YES;
				CLANG_WARN_DEPRECATED_OBJC_IMPLEMENTATIONS = YES;
				CLANG_WARN_DIRECT_OBJC_ISA_USAGE = YES_ERROR;
				CLANG_WARN_DOCUMENTATION_COMMENTS = YES;
				CLANG_WARN_EMPTY_BODY = YES;
				CLANG_WARN_ENUM_CONVERSION = YES;
				CLANG_WARN_INFINITE_RECURSION = YES;
				CLANG_WARN_INT_CONVERSION = YES;
				CLANG_WARN_NON_LITERAL_NULL_CONVERSION = YES;
				CLANG_WARN_OBJC_IMPLICIT_RETAIN_SELF = YES;
				CLANG_WARN_OBJC_LITERAL_CONVERSION = YES;
				CLANG_WARN_OBJC_ROOT_CLASS = YES_ERROR;
				CLANG_WARN_QUOTED_INCLUDE_IN_FRAMEWORK_HEADER = YES;
				CLANG_WARN_RANGE_LOOP_ANALYSIS = YES;
				CLANG_WARN_STRICT_PROTOTYPES = YES;
				CLANG_WARN_SUSPICIOUS_MOVE = YES;
				CLANG_WARN_UNGUARDED_AVAILABILITY = YES_AGGRESSIVE;
				CLANG_WARN_UNREACHABLE_CODE = YES;
				CLANG_WARN__DUPLICATE_METHOD_MATCH = YES;
				COPY_PHASE_STRIP = NO;
				DEBUG_INFORMATION_FORMAT = "dwarf-with-dsym";
				ENABLE_NS_ASSERTIONS = NO;
				ENABLE_STRICT_OBJC_MSGSEND = YES;
				ENABLE_USER_SCRIPT_SANDBOXING = YES;
				GCC_C_LANGUAGE_STANDARD = gnu17;
				GCC_NO_COMMON_BLOCKS = YES;
				GCC_WARN_64_TO_32_BIT_CONVERSION = YES;
				GCC_WARN_ABOUT_RETURN_TYPE = YES_ERROR;
				GCC_WARN_UNDECLARED_SELECTOR = YES;
				GCC_WARN_UNINITIALIZED_AUTOS = YES_AGGRESSIVE;
				GCC_WARN_UNUSED_FUNCTION = YES;
				GCC_WARN_UNUSED_VARIABLE = YES;
				IPHONEOS_DEPLOYMENT_TARGET = 13.4;
				LOCALIZATION_PREFERS_STRING_CATALOGS = YES;
				MTL_ENABLE_DEBUG_INFO = NO;
				MTL_FAST_MATH = YES;
				SDKROOT = iphoneos;
				SWIFT_COMPILATION_MODE = wholemodule;
				VALIDATE_PRODUCT = YES;
			};
			name = Release;
		};
		9A310C242BE4CE43006A3F4D /* Debug */ = {
			isa = XCBuildConfiguration;
			buildSettings = {
				ASSETCATALOG_COMPILER_APPICON_NAME = AppIcon;
				ASSETCATALOG_COMPILER_GLOBAL_ACCENT_COLOR_NAME = AccentColor;
				CODE_SIGN_STYLE = Automatic;
				CURRENT_PROJECT_VERSION = 1;
				DEVELOPMENT_TEAM = 6F23NVP2MQ;
				GENERATE_INFOPLIST_FILE = YES;
				INFOPLIST_FILE = Tracker/Info.plist;
				INFOPLIST_KEY_UIApplicationSupportsIndirectInputEvents = YES;
				INFOPLIST_KEY_UILaunchStoryboardName = LaunchScreen;
				INFOPLIST_KEY_UIMainStoryboardFile = "";
				INFOPLIST_KEY_UISupportedInterfaceOrientations = UIInterfaceOrientationPortrait;
				INFOPLIST_KEY_UISupportedInterfaceOrientations_iPad = "UIInterfaceOrientationLandscapeLeft UIInterfaceOrientationLandscapeRight UIInterfaceOrientationPortrait UIInterfaceOrientationPortraitUpsideDown";
				LD_RUNPATH_SEARCH_PATHS = (
					"$(inherited)",
					"@executable_path/Frameworks",
				);
				MARKETING_VERSION = 1.0;
				PRODUCT_BUNDLE_IDENTIFIER = barahaeva.Tracker;
				PRODUCT_NAME = "$(TARGET_NAME)";
				SUPPORTED_PLATFORMS = "iphoneos iphonesimulator";
				SUPPORTS_MACCATALYST = NO;
				SWIFT_EMIT_LOC_STRINGS = YES;
				SWIFT_VERSION = 5.0;
				TARGETED_DEVICE_FAMILY = 1;
			};
			name = Debug;
		};
		9A310C252BE4CE43006A3F4D /* Release */ = {
			isa = XCBuildConfiguration;
			buildSettings = {
				ASSETCATALOG_COMPILER_APPICON_NAME = AppIcon;
				ASSETCATALOG_COMPILER_GLOBAL_ACCENT_COLOR_NAME = AccentColor;
				CODE_SIGN_STYLE = Automatic;
				CURRENT_PROJECT_VERSION = 1;
				DEVELOPMENT_TEAM = 6F23NVP2MQ;
				GENERATE_INFOPLIST_FILE = YES;
				INFOPLIST_FILE = Tracker/Info.plist;
				INFOPLIST_KEY_UIApplicationSupportsIndirectInputEvents = YES;
				INFOPLIST_KEY_UILaunchStoryboardName = LaunchScreen;
				INFOPLIST_KEY_UIMainStoryboardFile = "";
				INFOPLIST_KEY_UISupportedInterfaceOrientations = UIInterfaceOrientationPortrait;
				INFOPLIST_KEY_UISupportedInterfaceOrientations_iPad = "UIInterfaceOrientationLandscapeLeft UIInterfaceOrientationLandscapeRight UIInterfaceOrientationPortrait UIInterfaceOrientationPortraitUpsideDown";
				LD_RUNPATH_SEARCH_PATHS = (
					"$(inherited)",
					"@executable_path/Frameworks",
				);
				MARKETING_VERSION = 1.0;
				PRODUCT_BUNDLE_IDENTIFIER = barahaeva.Tracker;
				PRODUCT_NAME = "$(TARGET_NAME)";
				SUPPORTED_PLATFORMS = "iphoneos iphonesimulator";
				SUPPORTS_MACCATALYST = NO;
				SWIFT_EMIT_LOC_STRINGS = YES;
				SWIFT_VERSION = 5.0;
				TARGETED_DEVICE_FAMILY = 1;
			};
			name = Release;
		};
/* End XCBuildConfiguration section */

/* Begin XCConfigurationList section */
		9A310C0A2BE4CE42006A3F4D /* Build configuration list for PBXProject "Tracker" */ = {
			isa = XCConfigurationList;
			buildConfigurations = (
				9A310C212BE4CE43006A3F4D /* Debug */,
				9A310C222BE4CE43006A3F4D /* Release */,
			);
			defaultConfigurationIsVisible = 0;
			defaultConfigurationName = Release;
		};
		9A310C232BE4CE43006A3F4D /* Build configuration list for PBXNativeTarget "Tracker" */ = {
			isa = XCConfigurationList;
			buildConfigurations = (
				9A310C242BE4CE43006A3F4D /* Debug */,
				9A310C252BE4CE43006A3F4D /* Release */,
			);
			defaultConfigurationIsVisible = 0;
			defaultConfigurationName = Release;
		};
/* End XCConfigurationList section */
	};
	rootObject = 9A310C072BE4CE42006A3F4D /* Project object */;
}
